
Microsoft Visual Studio Solution File, Format Version 12.00
# Visual Studio Version 17
VisualStudioVersion = 17.0.32112.339
MinimumVisualStudioVersion = 10.0.40219.1
Project("{FAE04EC0-301F-11D3-BF4B-00C04F79EFBC}") = "shifr_system", "shifr_system.csproj", "{793F664A-63AC-4745-B9FE-155450620828}"
EndProject
Global
	GlobalSection(SolutionConfigurationPlatforms) = preSolution
		Debug|Any CPU = Debug|Any CPU
		Release|Any CPU = Release|Any CPU
	EndGlobalSection
	GlobalSection(ProjectConfigurationPlatforms) = postSolution
		{793F664A-63AC-4745-B9FE-155450620828}.Debug|Any CPU.ActiveCfg = Debug|Any CPU
		{793F664A-63AC-4745-B9FE-155450620828}.Debug|Any CPU.Build.0 = Debug|Any CPU
		{793F664A-63AC-4745-B9FE-155450620828}.Release|Any CPU.ActiveCfg = Release|Any CPU
		{793F664A-63AC-4745-B9FE-155450620828}.Release|Any CPU.Build.0 = Release|Any CPU
	EndGlobalSection
	GlobalSection(SolutionProperties) = preSolution
		HideSolutionNode = FALSE
	EndGlobalSection
	GlobalSection(ExtensibilityGlobals) = postSolution
		SolutionGuid = {3C10010B-E9B8-422F-BA67-C0454843A478}
	EndGlobalSection
EndGlobal
